
Microsoft Visual Studio Solution File, Format Version 12.00
# Visual Studio 15
VisualStudioVersion = 15.0.34031.82
MinimumVisualStudioVersion = 10.0.40219.1
Project("{FAE04EC0-301F-11D3-BF4B-00C04F79EFBC}") = "WpfApp1", "WpfApp1\WpfApp1.csproj", "{185931CB-622E-419B-9DFE-80C6246339F8}"
EndProject
Global
	GlobalSection(SolutionConfigurationPlatforms) = preSolution
		Debug|Any CPU = Debug|Any CPU
		Release|Any CPU = Release|Any CPU
	EndGlobalSection
	GlobalSection(ProjectConfigurationPlatforms) = postSolution
		{185931CB-622E-419B-9DFE-80C6246339F8}.Debug|Any CPU.ActiveCfg = Debug|Any CPU
		{185931CB-622E-419B-9DFE-80C6246339F8}.Debug|Any CPU.Build.0 = Debug|Any CPU
		{185931CB-622E-419B-9DFE-80C6246339F8}.Release|Any CPU.ActiveCfg = Release|Any CPU
		{185931CB-622E-419B-9DFE-80C6246339F8}.Release|Any CPU.Build.0 = Release|Any CPU
	EndGlobalSection
	GlobalSection(SolutionProperties) = preSolution
		HideSolutionNode = FALSE
	EndGlobalSection
	GlobalSection(ExtensibilityGlobals) = postSolution
		SolutionGuid = {895460BE-A5C9-416C-A5D3-95BE4C55CAF0}
	EndGlobalSection
EndGlobal
